
Microsoft Visual Studio Solution File, Format Version 12.00
Project("{FAE04EC0-301F-11D3-BF4B-00C04F79EFBC}") = "Launcher", "Launcher\Launcher.csproj", "{BCD6E9E9-312F-4B2C-AC72-E9FC6779E32B}"
EndProject
Global
	GlobalSection(SolutionConfigurationPlatforms) = preSolution
		Debug|Any CPU = Debug|Any CPU
		Release|Any CPU = Release|Any CPU
	EndGlobalSection
	GlobalSection(ProjectConfigurationPlatforms) = postSolution
		{BCD6E9E9-312F-4B2C-AC72-E9FC6779E32B}.Debug|Any CPU.ActiveCfg = Debug|Any CPU
		{BCD6E9E9-312F-4B2C-AC72-E9FC6779E32B}.Debug|Any CPU.Build.0 = Debug|Any CPU
		{BCD6E9E9-312F-4B2C-AC72-E9FC6779E32B}.Release|Any CPU.ActiveCfg = Release|Any CPU
		{BCD6E9E9-312F-4B2C-AC72-E9FC6779E32B}.Release|Any CPU.Build.0 = Release|Any CPU
	EndGlobalSection
EndGlobal
